<?xml version="1.0" encoding="utf-8"?>
<Project ToolsVersion="4.0" xmlns="http://schemas.microsoft.com/developer/msbuild/2003">
  <ItemGroup>
    <Filter Include="Source Files">
      <UniqueIdentifier>{4FC737F1-C7A5-4376-A066-2A32D752A2FF}</UniqueIdentifier>
      <Extensions>cpp;c;cc;cxx;def;odl;idl;hpj;bat;asm;asmx</Extensions>
    </Filter>
    <Filter Include="Header Files">
      <UniqueIdentifier>{93995380-89BD-4b04-88EB-625FBE52EBFB}</UniqueIdentifier>
      <Extensions>h;hh;hpp;hxx;hm;inl;inc;xsd</Extensions>
    </Filter>
    <Filter Include="Resource Files">
      <UniqueIdentifier>{67DA6AB6-F800-4c08-8B7A-83BB121AAD01}</UniqueIdentifier>
      <Extensions>rc;ico;cur;bmp;dlg;rc2;rct;bin;rgs;gif;jpg;jpeg;jpe;resx;tiff;tif;png;wav;mfcribbon-ms</Extensions>
    </Filter>
  </ItemGroup>
  <ItemGroup>
    <ClCompile Include="Source.cpp">
      <Filter>Source Files</Filter>
    </ClCompile>
    <ClCompile Include="FastNoise.cpp">
      <Filter>Source Files</Filter>
    </ClCompile>
    <ClCompile Include="libs\GLM\detail\dummy.cpp">
      <Filter>Source Files</Filter>
    </ClCompile>
    <ClCompile Include="libs\GLM\detail\glm.cpp">
      <Filter>Source Files</Filter>
    </ClCompile>
  </ItemGroup>
  <ItemGroup>
    <ClInclude Include="FastNoise.h">
      <Filter>Header Files</Filter>
    </ClInclude>
    <ClInclude Include="libs\GLEW\include\GL\eglew.h">
      <Filter>Header Files</Filter>
    </ClInclude>
    <ClInclude Include="libs\GLEW\include\GL\glew.h">
      <Filter>Header Files</Filter>
    </ClInclude>
    <ClInclude Include="libs\GLEW\include\GL\glxew.h">
      <Filter>Header Files</Filter>
    </ClInclude>
    <ClInclude Include="libs\GLFW\include\GLFW\glfw3native.h">
      <Filter>Header Files</Filter>
    </ClInclude>
    <ClInclude Include="libs\GLM\detail\_fixes.hpp">
      <Filter>Header Files</Filter>
    </ClInclude>
    <ClInclude Include="libs\GLM\detail\_noise.hpp">
      <Filter>Header Files</Filter>
    </ClInclude>
    <ClInclude Include="libs\GLM\detail\_swizzle_func.hpp">
      <Filter>Header Files</Filter>
    </ClInclude>
    <ClInclude Include="libs\GLM\detail\_vectorize.hpp">
      <Filter>Header Files</Filter>
    </ClInclude>
    <ClInclude Include="libs\GLM\detail\compute_vector_relational.hpp">
      <Filter>Header Files</Filter>
    </ClInclude>
    <ClInclude Include="libs\GLM\detail\func_common.hpp">
      <Filter>Header Files</Filter>
    </ClInclude>
    <ClInclude Include="libs\GLM\detail\func_exponential.hpp">
      <Filter>Header Files</Filter>
    </ClInclude>
    <ClInclude Include="libs\GLM\detail\func_integer.hpp">
      <Filter>Header Files</Filter>
    </ClInclude>
    <ClInclude Include="libs\GLM\detail\func_matrix.hpp">
      <Filter>Header Files</Filter>
    </ClInclude>
    <ClInclude Include="libs\GLM\detail\func_trigonometric.hpp">
      <Filter>Header Files</Filter>
    </ClInclude>
    <ClInclude Include="libs\GLM\detail\func_vector_relational.hpp">
      <Filter>Header Files</Filter>
    </ClInclude>
    <ClInclude Include="libs\GLM\detail\precision.hpp">
      <Filter>Header Files</Filter>
    </ClInclude>
    <ClInclude Include="libs\GLM\detail\setup.hpp">
      <Filter>Header Files</Filter>
    </ClInclude>
    <ClInclude Include="libs\GLM\detail\type_gentype.hpp">
      <Filter>Header Files</Filter>
    </ClInclude>
    <ClInclude Include="libs\GLM\detail\type_int.hpp">
      <Filter>Header Files</Filter>
    </ClInclude>
    <ClInclude Include="libs\GLM\detail\type_mat.hpp">
      <Filter>Header Files</Filter>
    </ClInclude>
    <ClInclude Include="libs\GLM\detail\type_mat2x2.hpp">
      <Filter>Header Files</Filter>
    </ClInclude>
    <ClInclude Include="libs\GLM\detail\type_mat2x3.hpp">
      <Filter>Header Files</Filter>
    </ClInclude>
    <ClInclude Include="libs\GLM\detail\type_mat3x2.hpp">
      <Filter>Header Files</Filter>
    </ClInclude>
    <ClInclude Include="libs\GLM\detail\type_mat3x3.hpp">
      <Filter>Header Files</Filter>
    </ClInclude>
    <ClInclude Include="libs\GLM\detail\type_mat3x4.hpp">
      <Filter>Header Files</Filter>
    </ClInclude>
    <ClInclude Include="libs\GLM\detail\type_mat4x4.hpp">
      <Filter>Header Files</Filter>
    </ClInclude>
    <ClInclude Include="libs\GLM\detail\type_vec1.hpp">
      <Filter>Header Files</Filter>
    </ClInclude>
    <ClInclude Include="libs\GLM\detail\type_vec2.hpp">
      <Filter>Header Files</Filter>
    </ClInclude>
    <ClInclude Include="libs\GLM\detail\type_vec4.hpp">
      <Filter>Header Files</Filter>
    </ClInclude>
    <ClInclude Include="libs\GLM\ext\vec1.hpp">
      <Filter>Header Files</Filter>
    </ClInclude>
    <ClInclude Include="libs\GLM\gtc\bitfield.hpp">
      <Filter>Header Files</Filter>
    </ClInclude>
    <ClInclude Include="libs\GLM\gtc\constants.hpp">
      <Filter>Header Files</Filter>
    </ClInclude>
    <ClInclude Include="libs\GLM\gtc\functions.hpp">
      <Filter>Header Files</Filter>
    </ClInclude>
    <ClInclude Include="libs\GLM\gtc\integer.hpp">
      <Filter>Header Files</Filter>
    </ClInclude>
    <ClInclude Include="libs\GLM\gtc\matrix_access.hpp">
      <Filter>Header Files</Filter>
    </ClInclude>
    <ClInclude Include="libs\GLM\gtc\matrix_inverse.hpp">
      <Filter>Header Files</Filter>
    </ClInclude>
    <ClInclude Include="libs\GLM\gtc\matrix_transform.hpp">
      <Filter>Header Files</Filter>
    </ClInclude>
    <ClInclude Include="libs\GLM\gtc\noise.hpp">
      <Filter>Header Files</Filter>
    </ClInclude>
    <ClInclude Include="libs\GLM\gtc\packing.hpp">
      <Filter>Header Files</Filter>
    </ClInclude>
    <ClInclude Include="libs\GLM\gtc\quaternion.hpp">
      <Filter>Header Files</Filter>
    </ClInclude>
    <ClInclude Include="libs\GLM\gtc\random.hpp">
      <Filter>Header Files</Filter>
    </ClInclude>
    <ClInclude Include="libs\GLM\gtc\reciprocal.hpp">
      <Filter>Header Files</Filter>
    </ClInclude>
    <ClInclude Include="libs\GLM\gtc\round.hpp">
      <Filter>Header Files</Filter>
    </ClInclude>
    <ClInclude Include="libs\GLM\gtc\type_ptr.hpp">
      <Filter>Header Files</Filter>
    </ClInclude>
    <ClInclude Include="libs\GLM\gtc\ulp.hpp">
      <Filter>Header Files</Filter>
    </ClInclude>
    <ClInclude Include="libs\GLM\gtx\associated_min_max.hpp">
      <Filter>Header Files</Filter>
    </ClInclude>
    <ClInclude Include="libs\GLM\gtx\closest_point.hpp">
      <Filter>Header Files</Filter>
    </ClInclude>
    <ClInclude Include="libs\GLM\gtx\color_encoding.hpp">
      <Filter>Header Files</Filter>
    </ClInclude>
    <ClInclude Include="libs\GLM\gtx\color_space_YCoCg.hpp">
      <Filter>Header Files</Filter>
    </ClInclude>
    <ClInclude Include="libs\GLM\gtx\dual_quaternion.hpp">
      <Filter>Header Files</Filter>
    </ClInclude>
    <ClInclude Include="libs\GLM\gtx\extended_min_max.hpp">
      <Filter>Header Files</Filter>
    </ClInclude>
    <ClInclude Include="libs\GLM\gtx\exterior_product.hpp">
      <Filter>Header Files</Filter>
    </ClInclude>
    <ClInclude Include="libs\GLM\gtx\fast_square_root.hpp">
      <Filter>Header Files</Filter>
    </ClInclude>
    <ClInclude Include="libs\GLM\gtx\fast_trigonometry.hpp">
      <Filter>Header Files</Filter>
    </ClInclude>
    <ClInclude Include="libs\GLM\gtx\functions.hpp">
      <Filter>Header Files</Filter>
    </ClInclude>
    <ClInclude Include="libs\GLM\gtx\gradient_paint.hpp">
      <Filter>Header Files</Filter>
    </ClInclude>
    <ClInclude Include="libs\GLM\gtx\integer.hpp">
      <Filter>Header Files</Filter>
    </ClInclude>
    <ClInclude Include="libs\GLM\gtx\intersect.hpp">
      <Filter>Header Files</Filter>
    </ClInclude>
    <ClInclude Include="libs\GLM\gtx\io.hpp">
      <Filter>Header Files</Filter>
    </ClInclude>
    <ClInclude Include="libs\GLM\gtx\log_base.hpp">
      <Filter>Header Files</Filter>
    </ClInclude>
    <ClInclude Include="libs\GLM\gtx\matrix_cross_product.hpp">
      <Filter>Header Files</Filter>
    </ClInclude>
    <ClInclude Include="libs\GLM\gtx\matrix_decompose.hpp">
      <Filter>Header Files</Filter>
    </ClInclude>
    <ClInclude Include="libs\GLM\gtx\matrix_factorisation.hpp">
      <Filter>Header Files</Filter>
    </ClInclude>
    <ClInclude Include="libs\GLM\gtx\matrix_operation.hpp">
      <Filter>Header Files</Filter>
    </ClInclude>
    <ClInclude Include="libs\GLM\gtx\matrix_query.hpp">
      <Filter>Header Files</Filter>
    </ClInclude>
    <ClInclude Include="libs\GLM\gtx\matrix_transform_2d.hpp">
      <Filter>Header Files</Filter>
    </ClInclude>
    <ClInclude Include="libs\GLM\gtx\mixed_product.hpp">
      <Filter>Header Files</Filter>
    </ClInclude>
    <ClInclude Include="libs\GLM\gtx\norm.hpp">
      <Filter>Header Files</Filter>
    </ClInclude>
    <ClInclude Include="libs\GLM\gtx\normalize_dot.hpp">
      <Filter>Header Files</Filter>
    </ClInclude>
    <ClInclude Include="libs\GLM\gtx\optimum_pow.hpp">
      <Filter>Header Files</Filter>
    </ClInclude>
    <ClInclude Include="libs\GLM\gtx\orthonormalize.hpp">
      <Filter>Header Files</Filter>
    </ClInclude>
    <ClInclude Include="libs\GLM\gtx\perpendicular.hpp">
      <Filter>Header Files</Filter>
    </ClInclude>
    <ClInclude Include="libs\GLM\gtx\polar_coordinates.hpp">
      <Filter>Header Files</Filter>
    </ClInclude>
    <ClInclude Include="libs\GLM\gtx\quaternion.hpp">
      <Filter>Header Files</Filter>
    </ClInclude>
    <ClInclude Include="libs\GLM\gtx\range.hpp">
      <Filter>Header Files</Filter>
    </ClInclude>
    <ClInclude Include="libs\GLM\gtx\scalar_multiplication.hpp">
      <Filter>Header Files</Filter>
    </ClInclude>
    <ClInclude Include="libs\GLM\gtx\scalar_relational.hpp">
      <Filter>Header Files</Filter>
    </ClInclude>
    <ClInclude Include="libs\GLM\gtx\spline.hpp">
      <Filter>Header Files</Filter>
    </ClInclude>
    <ClInclude Include="libs\GLM\gtx\std_based_type.hpp">
      <Filter>Header Files</Filter>
    </ClInclude>
    <ClInclude Include="libs\GLM\gtx\string_cast.hpp">
      <Filter>Header Files</Filter>
    </ClInclude>
    <ClInclude Include="libs\GLM\gtx\texture.hpp">
      <Filter>Header Files</Filter>
    </ClInclude>
    <ClInclude Include="libs\GLM\gtx\transform.hpp">
      <Filter>Header Files</Filter>
    </ClInclude>
    <ClInclude Include="libs\GLM\gtx\transform2.hpp">
      <Filter>Header Files</Filter>
    </ClInclude>
    <ClInclude Include="libs\GLM\gtx\type_aligned.hpp">
      <Filter>Header Files</Filter>
    </ClInclude>
    <ClInclude Include="libs\GLM\gtx\type_trait.hpp">
      <Filter>Header Files</Filter>
    </ClInclude>
    <ClInclude Include="libs\GLM\gtx\vector_angle.hpp">
      <Filter>Header Files</Filter>
    </ClInclude>
    <ClInclude Include="libs\GLM\simd\common.h">
      <Filter>Header Files</Filter>
    </ClInclude>
    <ClInclude Include="libs\GLM\simd\exponential.h">
      <Filter>Header Files</Filter>
    </ClInclude>
    <ClInclude Include="libs\GLM\simd\geometric.h">
      <Filter>Header Files</Filter>
    </ClInclude>
    <ClInclude Include="libs\GLM\simd\integer.h">
      <Filter>Header Files</Filter>
    </ClInclude>
    <ClInclude Include="libs\GLM\simd\packing.h">
      <Filter>Header Files</Filter>
    </ClInclude>
    <ClInclude Include="libs\GLM\simd\platform.h">
      <Filter>Header Files</Filter>
    </ClInclude>
    <ClInclude Include="libs\GLM\simd\vector_relational.h">
      <Filter>Header Files</Filter>
    </ClInclude>
    <ClInclude Include="libs\GLM\common.hpp">
      <Filter>Header Files</Filter>
    </ClInclude>
    <ClInclude Include="libs\GLM\exponential.hpp">
      <Filter>Header Files</Filter>
    </ClInclude>
    <ClInclude Include="libs\GLM\ext.hpp">
      <Filter>Header Files</Filter>
    </ClInclude>
    <ClInclude Include="libs\GLM\fwd.hpp">
      <Filter>Header Files</Filter>
    </ClInclude>
    <ClInclude Include="libs\GLM\geometric.hpp">
      <Filter>Header Files</Filter>
    </ClInclude>
    <ClInclude Include="libs\GLM\glm.hpp">
      <Filter>Header Files</Filter>
    </ClInclude>
    <ClInclude Include="libs\GLM\mat2x2.hpp">
      <Filter>Header Files</Filter>
    </ClInclude>
    <ClInclude Include="libs\GLM\mat3x3.hpp">
      <Filter>Header Files</Filter>
    </ClInclude>
    <ClInclude Include="libs\GLM\mat4x2.hpp">
      <Filter>Header Files</Filter>
    </ClInclude>
    <ClInclude Include="libs\GLM\mat4x3.hpp">
      <Filter>Header Files</Filter>
    </ClInclude>
    <ClInclude Include="libs\GLM\mat4x4.hpp">
      <Filter>Header Files</Filter>
    </ClInclude>
    <ClInclude Include="libs\GLM\trigonometric.hpp">
      <Filter>Header Files</Filter>
    </ClInclude>
    <ClInclude Include="libs\GLM\vec3.hpp">
      <Filter>Header Files</Filter>
    </ClInclude>
    <ClInclude Include="libs\GLM\vec4.hpp">
      <Filter>Header Files</Filter>
    </ClInclude>
    <ClInclude Include="libs\GLM\vector_relational.hpp">
      <Filter>Header Files</Filter>
    </ClInclude>
  </ItemGroup>
  <ItemGroup>
    <None Include="libs\GLM\detail\func_common.inl">
      <Filter>Header Files</Filter>
    </None>
    <None Include="libs\GLM\detail\func_common_simd.inl">
      <Filter>Header Files</Filter>
    </None>
    <None Include="libs\GLM\detail\func_exponential.inl">
      <Filter>Header Files</Filter>
    </None>
    <None Include="libs\GLM\detail\func_geometric.inl">
      <Filter>Header Files</Filter>
    </None>
    <None Include="libs\GLM\detail\func_integer_simd.inl">
      <Filter>Header Files</Filter>
    </None>
    <None Include="libs\GLM\detail\func_matrix.inl">
      <Filter>Header Files</Filter>
    </None>
    <None Include="libs\GLM\detail\func_matrix_simd.inl">
      <Filter>Header Files</Filter>
    </None>
    <None Include="libs\GLM\detail\func_packing_simd.inl">
      <Filter>Header Files</Filter>
    </None>
    <None Include="libs\GLM\detail\func_trigonometric_simd.inl">
      <Filter>Header Files</Filter>
    </None>
    <None Include="libs\GLM\detail\func_vector_relational.inl">
      <Filter>Header Files</Filter>
    </None>
    <None Include="libs\GLM\detail\type_gentype.inl">
      <Filter>Header Files</Filter>
    </None>
    <None Include="libs\GLM\detail\type_half.inl">
      <Filter>Header Files</Filter>
    </None>
    <None Include="libs\GLM\detail\type_mat.inl">
      <Filter>Header Files</Filter>
    </None>
    <None Include="libs\GLM\detail\type_mat2x3.inl">
      <Filter>Header Files</Filter>
    </None>
    <None Include="libs\GLM\detail\type_mat2x4.inl">
      <Filter>Header Files</Filter>
    </None>
    <None Include="libs\GLM\detail\type_mat3x2.inl">
      <Filter>Header Files</Filter>
    </None>
    <None Include="libs\GLM\detail\type_mat3x3.inl">
      <Filter>Header Files</Filter>
    </None>
    <None Include="libs\GLM\detail\type_mat3x4.inl">
      <Filter>Header Files</Filter>
    </None>
    <None Include="libs\GLM\detail\type_mat4x2.inl">
      <Filter>Header Files</Filter>
    </None>
    <None Include="libs\GLM\detail\type_mat4x3.inl">
      <Filter>Header Files</Filter>
    </None>
    <None Include="libs\GLM\detail\type_vec.inl">
      <Filter>Header Files</Filter>
    </None>
    <None Include="libs\GLM\detail\type_vec1.inl">
      <Filter>Header Files</Filter>
    </None>
    <None Include="libs\GLM\detail\type_vec3.inl">
      <Filter>Header Files</Filter>
    </None>
    <None Include="libs\GLM\detail\type_vec4.inl">
      <Filter>Header Files</Filter>
    </None>
    <None Include="libs\GLM\ext\vector_relational.inl">
      <Filter>Header Files</Filter>
    </None>
    <None Include="libs\GLM\gtc\color_encoding.inl">
      <Filter>Header Files</Filter>
    </None>
    <None Include="libs\GLM\gtc\color_space.inl">
      <Filter>Header Files</Filter>
    </None>
    <None Include="libs\GLM\gtc\constants.inl">
      <Filter>Header Files</Filter>
    </None>
    <None Include="libs\GLM\gtc\epsilon.inl">
      <Filter>Header Files</Filter>
    </None>
    <None Include="libs\GLM\gtc\functions.inl">
      <Filter>Header Files</Filter>
    </None>
    <None Include="libs\GLM\gtc\integer.inl">
      <Filter>Header Files</Filter>
    </None>
    <None Include="libs\GLM\gtc\matrix_access.inl">
      <Filter>Header Files</Filter>
    </None>
    <None Include="libs\GLM\gtc\matrix_transform.inl">
      <Filter>Header Files</Filter>
    </None>
    <None Include="libs\GLM\gtc\packing.inl">
      <Filter>Header Files</Filter>
    </None>
    <None Include="libs\GLM\gtc\quaternion.inl">
      <Filter>Header Files</Filter>
    </None>
    <None Include="libs\GLM\gtc\random.inl">
      <Filter>Header Files</Filter>
    </None>
    <None Include="libs\GLM\gtc\reciprocal.inl">
      <Filter>Header Files</Filter>
    </None>
    <None Include="libs\GLM\gtc\round.inl">
      <Filter>Header Files</Filter>
    </None>
    <None Include="libs\GLM\gtc\type_ptr.inl">
      <Filter>Header Files</Filter>
    </None>
    <None Include="libs\GLM\gtc\ulp.inl">
      <Filter>Header Files</Filter>
    </None>
    <None Include="libs\GLM\gtx\associated_min_max.inl">
      <Filter>Header Files</Filter>
    </None>
    <None Include="libs\GLM\gtx\bit (1).inl">
      <Filter>Header Files</Filter>
    </None>
    <None Include="libs\GLM\gtx\bit.inl">
      <Filter>Header Files</Filter>
    </None>
    <None Include="libs\GLM\gtx\closest_point.inl">
      <Filter>Header Files</Filter>
    </None>
    <None Include="libs\GLM\gtx\color_encoding (1).inl">
      <Filter>Header Files</Filter>
    </None>
    <None Include="libs\GLM\gtx\color_encoding.inl">
      <Filter>Header Files</Filter>
    </None>
    <None Include="libs\GLM\gtx\color_space_YCoCg.inl">
      <Filter>Header Files</Filter>
    </None>
    <None Include="libs\GLM\gtx\common (1).inl">
      <Filter>Header Files</Filter>
    </None>
    <None Include="libs\GLM\gtx\common.inl">
      <Filter>Header Files</Filter>
    </None>
    <None Include="libs\GLM\gtx\compatibility.inl">
      <Filter>Header Files</Filter>
    </None>
    <None Include="libs\GLM\gtx\dual_quaternion (1).inl">
      <Filter>Header Files</Filter>
    </None>
    <None Include="libs\GLM\gtx\dual_quaternion.inl">
      <Filter>Header Files</Filter>
    </None>
    <None Include="libs\GLM\gtx\euler_angles.inl">
      <Filter>Header Files</Filter>
    </None>
    <None Include="libs\GLM\gtx\extended_min_max.inl">
      <Filter>Header Files</Filter>
    </None>
    <None Include="libs\GLM\gtx\fast_exponential.inl">
      <Filter>Header Files</Filter>
    </None>
    <None Include="libs\GLM\gtx\fast_square_root.inl">
      <Filter>Header Files</Filter>
    </None>
    <None Include="libs\GLM\gtx\fast_trigonometry.inl">
      <Filter>Header Files</Filter>
    </None>
    <None Include="libs\GLM\gtx\float_notmalize.inl">
      <Filter>Header Files</Filter>
    </None>
    <None Include="libs\GLM\gtx\gradient_paint.inl">
      <Filter>Header Files</Filter>
    </None>
    <None Include="libs\GLM\gtx\integer.inl">
      <Filter>Header Files</Filter>
    </None>
    <None Include="libs\GLM\gtx\intersect.inl">
      <Filter>Header Files</Filter>
    </None>
    <None Include="libs\GLM\gtx\log_base.inl">
      <Filter>Header Files</Filter>
    </None>
    <None Include="libs\GLM\gtx\matrix_decompose.inl">
      <Filter>Header Files</Filter>
    </None>
    <None Include="libs\GLM\gtx\matrix_factorisation.inl">
      <Filter>Header Files</Filter>
    </None>
    <None Include="libs\GLM\gtx\matrix_interpolation.inl">
      <Filter>Header Files</Filter>
    </None>
    <None Include="libs\GLM\gtx\matrix_operation.inl">
      <Filter>Header Files</Filter>
    </None>
    <None Include="libs\GLM\gtx\matrix_query.inl">
      <Filter>Header Files</Filter>
    </None>
    <None Include="libs\GLM\gtx\mixed_product.inl">
      <Filter>Header Files</Filter>
    </None>
    <None Include="libs\GLM\gtx\normal.inl">
      <Filter>Header Files</Filter>
    </None>
    <None Include="libs\GLM\gtx\number_precision.inl">
      <Filter>Header Files</Filter>
    </None>
    <None Include="libs\GLM\gtx\optimum_pow.inl">
      <Filter>Header Files</Filter>
    </None>
    <None Include="libs\GLM\gtx\orthonormalize.inl">
      <Filter>Header Files</Filter>
    </None>
    <None Include="libs\GLM\gtx\perpendicular.inl">
      <Filter>Header Files</Filter>
    </None>
    <None Include="libs\GLM\gtx\polar_coordinates.inl">
      <Filter>Header Files</Filter>
    </None>
    <None Include="libs\GLM\gtx\quaternion.inl">
      <Filter>Header Files</Filter>
    </None>
    <None Include="libs\GLM\gtx\raw_data.inl">
      <Filter>Header Files</Filter>
    </None>
    <None Include="libs\GLM\gtx\rotate_normalized_axis.inl">
      <Filter>Header Files</Filter>
    </None>
    <None Include="libs\GLM\gtx\rotate_vector.inl">
      <Filter>Header Files</Filter>
    </None>
    <None Include="libs\GLM\gtx\spline.inl">
      <Filter>Header Files</Filter>
    </None>
    <None Include="libs\GLM\gtx\texture.inl">
      <Filter>Header Files</Filter>
    </None>
    <None Include="libs\GLM\gtx\transform.inl">
      <Filter>Header Files</Filter>
    </None>
    <None Include="libs\GLM\gtx\transform2.inl">
      <Filter>Header Files</Filter>
    </None>
    <None Include="libs\GLM\gtx\type_aligned.inl">
      <Filter>Header Files</Filter>
    </None>
    <None Include="libs\GLM\gtx\vector_angle.inl">
      <Filter>Header Files</Filter>
    </None>
    <None Include="libs\GLM\gtx\vector_query.inl">
      <Filter>Header Files</Filter>
    </None>
  </ItemGroup>
  <ItemGroup>
    <Library Include="libs\GLEW\glew32s.lib" />
  </ItemGroup>
</Project>